
Microsoft Visual Studio Solution File, Format Version 12.00
Project("{FAE04EC0-301F-11D3-BF4B-00C04F79EFBC}") = "ConsoleApp", "ConsoleApp\ConsoleApp.csproj", "{24920BD3-855A-4475-A305-7E4D88983089}"
EndProject
Global
	GlobalSection(SolutionConfigurationPlatforms) = preSolution
		Debug|Any CPU = Debug|Any CPU
		Release|Any CPU = Release|Any CPU
	EndGlobalSection
	GlobalSection(ProjectConfigurationPlatforms) = postSolution
		{24920BD3-855A-4475-A305-7E4D88983089}.Debug|Any CPU.ActiveCfg = Debug|Any CPU
		{24920BD3-855A-4475-A305-7E4D88983089}.Debug|Any CPU.Build.0 = Debug|Any CPU
		{24920BD3-855A-4475-A305-7E4D88983089}.Release|Any CPU.ActiveCfg = Release|Any CPU
		{24920BD3-855A-4475-A305-7E4D88983089}.Release|Any CPU.Build.0 = Release|Any CPU
	EndGlobalSection
EndGlobal
